
Microsoft Visual Studio Solution File, Format Version 12.00
# Visual Studio Version 17
VisualStudioVersion = 17.2.32526.322
MinimumVisualStudioVersion = 10.0.40219.1
Project("{2150E333-8FDC-42A3-9474-1A3956D46DE8}") = "src", "src", "{53D2AA22-B0C4-4C56-AE01-51D47A1F02E9}"
EndProject
Project("{2150E333-8FDC-42A3-9474-1A3956D46DE8}") = "test", "test", "{90C13681-A651-4A4B-B370-EAEBFE257598}"
EndProject
Project("{2150E333-8FDC-42A3-9474-1A3956D46DE8}") = "core", "core", "{A5418439-1A24-4CEC-8738-B375EF2D2B81}"
EndProject
Project("{2150E333-8FDC-42A3-9474-1A3956D46DE8}") = "API", "API", "{45E12D76-2063-4007-9056-7B751F8EFCCF}"
EndProject
Project("{2150E333-8FDC-42A3-9474-1A3956D46DE8}") = "UI", "UI", "{7BCCA74D-18BE-4EEA-A3CC-D969E26B72E9}"
EndProject
Project("{2150E333-8FDC-42A3-9474-1A3956D46DE8}") = "Infrastructure", "Infrastructure", "{E72230BA-5FF8-4632-83EA-2D03A9997D8F}"
EndProject
Project("{9A19103F-16F7-4668-BE54-9A1E7A4F7556}") = "Lab.LeaveManagement.Domain", "Lab.LeaveManagement.Domain\Lab.LeaveManagement.Domain.csproj", "{CF1899F3-128A-4FC9-B54C-1E3C7974AA4E}"
EndProject
Project("{9A19103F-16F7-4668-BE54-9A1E7A4F7556}") = "Lab.LeaveManagement.Application", "Lab.LeaveManagement.Application\Lab.LeaveManagement.Application.csproj", "{ED78C083-3684-4046-B1ED-DD0121ADAD2D}"
EndProject
Project("{9A19103F-16F7-4668-BE54-9A1E7A4F7556}") = "Lab.LeaveManagement.Infrastructure", "Lab.LeaveManagement.Infrastructure\Lab.LeaveManagement.Infrastructure.csproj", "{82CF4FA2-3353-4358-A305-C9DAF9FB6483}"
EndProject
Project("{9A19103F-16F7-4668-BE54-9A1E7A4F7556}") = "Lab.LeaveManagement.Persistence", "Lab.LeaveManagement.Persistence\Lab.LeaveManagement.Persistence.csproj", "{48F8EFE0-2917-4525-9249-9139E44A0F70}"
EndProject
Project("{9A19103F-16F7-4668-BE54-9A1E7A4F7556}") = "Lab.LeaveMangement.API", "Lab.LeaveMangement.API\Lab.LeaveMangement.API.csproj", "{CEF4E4DE-E37A-445C-B504-AA52F1EF4FF5}"
EndProject
Project("{9A19103F-16F7-4668-BE54-9A1E7A4F7556}") = "Lab.LeaveManagement.UnitTest", "Lab.LeaveManagement.UnitTest\Lab.LeaveManagement.UnitTest.csproj", "{3C21F17C-758B-46B3-AB05-36E01293D71F}"
EndProject
Project("{9A19103F-16F7-4668-BE54-9A1E7A4F7556}") = "Lab.LeaveManagement.MVC", "Lab.LeaveManagement.MVC\Lab.LeaveManagement.MVC.csproj", "{83C24BBC-2564-43AF-8674-D2AD916665DB}"
EndProject
Project("{FAE04EC0-301F-11D3-BF4B-00C04F79EFBC}") = "Lab.LeaveManagement.Identity", "Lab.LeaveManagement.Identity\Lab.LeaveManagement.Identity.csproj", "{BD332CC0-C2CD-4C4A-8841-9F743AC3D4C3}"
EndProject
Global
	GlobalSection(SolutionConfigurationPlatforms) = preSolution
		Debug|Any CPU = Debug|Any CPU
		Release|Any CPU = Release|Any CPU
	EndGlobalSection
	GlobalSection(ProjectConfigurationPlatforms) = postSolution
		{CF1899F3-128A-4FC9-B54C-1E3C7974AA4E}.Debug|Any CPU.ActiveCfg = Debug|Any CPU
		{CF1899F3-128A-4FC9-B54C-1E3C7974AA4E}.Debug|Any CPU.Build.0 = Debug|Any CPU
		{CF1899F3-128A-4FC9-B54C-1E3C7974AA4E}.Release|Any CPU.ActiveCfg = Release|Any CPU
		{CF1899F3-128A-4FC9-B54C-1E3C7974AA4E}.Release|Any CPU.Build.0 = Release|Any CPU
		{ED78C083-3684-4046-B1ED-DD0121ADAD2D}.Debug|Any CPU.ActiveCfg = Debug|Any CPU
		{ED78C083-3684-4046-B1ED-DD0121ADAD2D}.Debug|Any CPU.Build.0 = Debug|Any CPU
		{ED78C083-3684-4046-B1ED-DD0121ADAD2D}.Release|Any CPU.ActiveCfg = Release|Any CPU
		{ED78C083-3684-4046-B1ED-DD0121ADAD2D}.Release|Any CPU.Build.0 = Release|Any CPU
		{82CF4FA2-3353-4358-A305-C9DAF9FB6483}.Debug|Any CPU.ActiveCfg = Debug|Any CPU
		{82CF4FA2-3353-4358-A305-C9DAF9FB6483}.Debug|Any CPU.Build.0 = Debug|Any CPU
		{82CF4FA2-3353-4358-A305-C9DAF9FB6483}.Release|Any CPU.ActiveCfg = Release|Any CPU
		{82CF4FA2-3353-4358-A305-C9DAF9FB6483}.Release|Any CPU.Build.0 = Release|Any CPU
		{48F8EFE0-2917-4525-9249-9139E44A0F70}.Debug|Any CPU.ActiveCfg = Debug|Any CPU
		{48F8EFE0-2917-4525-9249-9139E44A0F70}.Debug|Any CPU.Build.0 = Debug|Any CPU
		{48F8EFE0-2917-4525-9249-9139E44A0F70}.Release|Any CPU.ActiveCfg = Release|Any CPU
		{48F8EFE0-2917-4525-9249-9139E44A0F70}.Release|Any CPU.Build.0 = Release|Any CPU
		{CEF4E4DE-E37A-445C-B504-AA52F1EF4FF5}.Debug|Any CPU.ActiveCfg = Debug|Any CPU
		{CEF4E4DE-E37A-445C-B504-AA52F1EF4FF5}.Debug|Any CPU.Build.0 = Debug|Any CPU
		{CEF4E4DE-E37A-445C-B504-AA52F1EF4FF5}.Release|Any CPU.ActiveCfg = Release|Any CPU
		{CEF4E4DE-E37A-445C-B504-AA52F1EF4FF5}.Release|Any CPU.Build.0 = Release|Any CPU
		{3C21F17C-758B-46B3-AB05-36E01293D71F}.Debug|Any CPU.ActiveCfg = Debug|Any CPU
		{3C21F17C-758B-46B3-AB05-36E01293D71F}.Debug|Any CPU.Build.0 = Debug|Any CPU
		{3C21F17C-758B-46B3-AB05-36E01293D71F}.Release|Any CPU.ActiveCfg = Release|Any CPU
		{3C21F17C-758B-46B3-AB05-36E01293D71F}.Release|Any CPU.Build.0 = Release|Any CPU
		{83C24BBC-2564-43AF-8674-D2AD916665DB}.Debug|Any CPU.ActiveCfg = Debug|Any CPU
		{83C24BBC-2564-43AF-8674-D2AD916665DB}.Debug|Any CPU.Build.0 = Debug|Any CPU
		{83C24BBC-2564-43AF-8674-D2AD916665DB}.Release|Any CPU.ActiveCfg = Release|Any CPU
		{83C24BBC-2564-43AF-8674-D2AD916665DB}.Release|Any CPU.Build.0 = Release|Any CPU
		{BD332CC0-C2CD-4C4A-8841-9F743AC3D4C3}.Debug|Any CPU.ActiveCfg = Debug|Any CPU
		{BD332CC0-C2CD-4C4A-8841-9F743AC3D4C3}.Debug|Any CPU.Build.0 = Debug|Any CPU
		{BD332CC0-C2CD-4C4A-8841-9F743AC3D4C3}.Release|Any CPU.ActiveCfg = Release|Any CPU
		{BD332CC0-C2CD-4C4A-8841-9F743AC3D4C3}.Release|Any CPU.Build.0 = Release|Any CPU
	EndGlobalSection
	GlobalSection(SolutionProperties) = preSolution
		HideSolutionNode = FALSE
	EndGlobalSection
	GlobalSection(NestedProjects) = preSolution
		{A5418439-1A24-4CEC-8738-B375EF2D2B81} = {53D2AA22-B0C4-4C56-AE01-51D47A1F02E9}
		{45E12D76-2063-4007-9056-7B751F8EFCCF} = {53D2AA22-B0C4-4C56-AE01-51D47A1F02E9}
		{7BCCA74D-18BE-4EEA-A3CC-D969E26B72E9} = {53D2AA22-B0C4-4C56-AE01-51D47A1F02E9}
		{E72230BA-5FF8-4632-83EA-2D03A9997D8F} = {53D2AA22-B0C4-4C56-AE01-51D47A1F02E9}
		{CF1899F3-128A-4FC9-B54C-1E3C7974AA4E} = {A5418439-1A24-4CEC-8738-B375EF2D2B81}
		{ED78C083-3684-4046-B1ED-DD0121ADAD2D} = {A5418439-1A24-4CEC-8738-B375EF2D2B81}
		{82CF4FA2-3353-4358-A305-C9DAF9FB6483} = {E72230BA-5FF8-4632-83EA-2D03A9997D8F}
		{48F8EFE0-2917-4525-9249-9139E44A0F70} = {E72230BA-5FF8-4632-83EA-2D03A9997D8F}
		{CEF4E4DE-E37A-445C-B504-AA52F1EF4FF5} = {45E12D76-2063-4007-9056-7B751F8EFCCF}
		{3C21F17C-758B-46B3-AB05-36E01293D71F} = {90C13681-A651-4A4B-B370-EAEBFE257598}
		{83C24BBC-2564-43AF-8674-D2AD916665DB} = {7BCCA74D-18BE-4EEA-A3CC-D969E26B72E9}
		{BD332CC0-C2CD-4C4A-8841-9F743AC3D4C3} = {E72230BA-5FF8-4632-83EA-2D03A9997D8F}
	EndGlobalSection
	GlobalSection(ExtensibilityGlobals) = postSolution
		SolutionGuid = {AE4E36EB-C783-411F-B8B9-6C790E6B068D}
	EndGlobalSection
EndGlobal
